
Microsoft Visual Studio Solution File, Format Version 11.00
# Visual C# Express 2010
Project("{FAE04EC0-301F-11D3-BF4B-00C04F79EFBC}") = "Presenter", "Presenter\Presenter.csproj", "{82DB7BAF-3283-49A1-A41B-D272F28C484F}"
EndProject
Project("{96E2B04D-8817-42C6-938A-82C39BA4D311}") = "PresenterContent", "PresenterContent\PresenterContent.contentproj", "{2B6B3F57-D776-4137-962F-CA95171EDB70}"
EndProject
Global
	GlobalSection(SolutionConfigurationPlatforms) = preSolution
		Debug|x86 = Debug|x86
		Release|x86 = Release|x86
	EndGlobalSection
	GlobalSection(ProjectConfigurationPlatforms) = postSolution
		{82DB7BAF-3283-49A1-A41B-D272F28C484F}.Debug|x86.ActiveCfg = Debug|x86
		{82DB7BAF-3283-49A1-A41B-D272F28C484F}.Debug|x86.Build.0 = Debug|x86
		{82DB7BAF-3283-49A1-A41B-D272F28C484F}.Release|x86.ActiveCfg = Release|x86
		{82DB7BAF-3283-49A1-A41B-D272F28C484F}.Release|x86.Build.0 = Release|x86
		{2B6B3F57-D776-4137-962F-CA95171EDB70}.Debug|x86.ActiveCfg = Debug|x86
		{2B6B3F57-D776-4137-962F-CA95171EDB70}.Release|x86.ActiveCfg = Release|x86
	EndGlobalSection
	GlobalSection(SolutionProperties) = preSolution
		HideSolutionNode = FALSE
	EndGlobalSection
EndGlobal
